
Microsoft Visual Studio Solution File, Format Version 12.00
# Visual Studio 15
Project("{FAE04EC0-301F-11D3-BF4B-00C04F79EFBC}") = "MyMaze.Plugins", "MyMaze.Plugins.csproj", "{2E3534B8-E45B-6AC8-12C7-5472E71C1292}"
EndProject
Project("{FAE04EC0-301F-11D3-BF4B-00C04F79EFBC}") = "MyMaze", "MyMaze.csproj", "{956DF9BE-5D1A-DFB5-AD90-98ABDE14A80D}"
EndProject
Project("{FAE04EC0-301F-11D3-BF4B-00C04F79EFBC}") = "MyMaze.Editor.Plugins", "MyMaze.Editor.Plugins.csproj", "{DC407774-6DDD-B999-8F36-BD4BB2639511}"
EndProject
Global
	GlobalSection(SolutionConfigurationPlatforms) = preSolution
		Debug|Any CPU = Debug|Any CPU
		Release|Any CPU = Release|Any CPU
	EndGlobalSection
	GlobalSection(ProjectConfigurationPlatforms) = postSolution
		{2E3534B8-E45B-6AC8-12C7-5472E71C1292}.Debug|Any CPU.ActiveCfg = Debug|Any CPU
		{2E3534B8-E45B-6AC8-12C7-5472E71C1292}.Debug|Any CPU.Build.0 = Debug|Any CPU
		{2E3534B8-E45B-6AC8-12C7-5472E71C1292}.Release|Any CPU.ActiveCfg = Release|Any CPU
		{2E3534B8-E45B-6AC8-12C7-5472E71C1292}.Release|Any CPU.Build.0 = Release|Any CPU
		{956DF9BE-5D1A-DFB5-AD90-98ABDE14A80D}.Debug|Any CPU.ActiveCfg = Debug|Any CPU
		{956DF9BE-5D1A-DFB5-AD90-98ABDE14A80D}.Debug|Any CPU.Build.0 = Debug|Any CPU
		{956DF9BE-5D1A-DFB5-AD90-98ABDE14A80D}.Release|Any CPU.ActiveCfg = Release|Any CPU
		{956DF9BE-5D1A-DFB5-AD90-98ABDE14A80D}.Release|Any CPU.Build.0 = Release|Any CPU
		{DC407774-6DDD-B999-8F36-BD4BB2639511}.Debug|Any CPU.ActiveCfg = Debug|Any CPU
		{DC407774-6DDD-B999-8F36-BD4BB2639511}.Debug|Any CPU.Build.0 = Debug|Any CPU
		{DC407774-6DDD-B999-8F36-BD4BB2639511}.Release|Any CPU.ActiveCfg = Release|Any CPU
		{DC407774-6DDD-B999-8F36-BD4BB2639511}.Release|Any CPU.Build.0 = Release|Any CPU
	EndGlobalSection
	GlobalSection(SolutionProperties) = preSolution
		HideSolutionNode = FALSE
	EndGlobalSection
EndGlobal
